
Microsoft Visual Studio Solution File, Format Version 12.00
# Visual Studio 15
VisualStudioVersion = 15.0.25807.0
MinimumVisualStudioVersion = 10.0.40219.1
Project("{2150E333-8FDC-42A3-9474-1A3956D46DE8}") = "Engine", "Engine", "{8388A6D8-D21A-46A0-A8FB-6120A50FA0D3}"
EndProject
Project("{2150E333-8FDC-42A3-9474-1A3956D46DE8}") = "Games", "Games", "{DA1C8447-8B5A-43B9-94A4-941FF0865269}"
EndProject
Project("{8BC9CEB8-8B4A-11D0-8D11-00A0C91BC942}") = "UE4", "Intermediate\ProjectFiles\UE4.vcxproj", "{925435E9-3F35-4A3D-8FF8-4611BD990689}"
EndProject
Project("{8BC9CEB8-8B4A-11D0-8D11-00A0C91BC942}") = "BuildingEscape", "Intermediate\ProjectFiles\BuildingEscape.vcxproj", "{83FE9703-EC09-43B7-B1DA-062D0B4471DD}"
EndProject
Global
	GlobalSection(SolutionConfigurationPlatforms) = preSolution
		DebugGame Editor|HTML5 = DebugGame Editor|HTML5
		DebugGame Editor|Win32 = DebugGame Editor|Win32
		DebugGame Editor|Win64 = DebugGame Editor|Win64
		DebugGame|HTML5 = DebugGame|HTML5
		DebugGame|Win32 = DebugGame|Win32
		DebugGame|Win64 = DebugGame|Win64
		Development Editor|HTML5 = Development Editor|HTML5
		Development Editor|Win32 = Development Editor|Win32
		Development Editor|Win64 = Development Editor|Win64
		Development|HTML5 = Development|HTML5
		Development|Win32 = Development|Win32
		Development|Win64 = Development|Win64
		Shipping|HTML5 = Shipping|HTML5
		Shipping|Win32 = Shipping|Win32
		Shipping|Win64 = Shipping|Win64
	EndGlobalSection
	GlobalSection(ProjectConfigurationPlatforms) = postSolution
		{83FE9703-EC09-43B7-B1DA-062D0B4471DD}.DebugGame Editor|HTML5.ActiveCfg = HTML5_DebugGame_Editor|Win32
		{83FE9703-EC09-43B7-B1DA-062D0B4471DD}.DebugGame Editor|Win32.ActiveCfg = DebugGame_Editor|Win32
		{83FE9703-EC09-43B7-B1DA-062D0B4471DD}.DebugGame Editor|Win64.ActiveCfg = DebugGame_Editor|x64
		{83FE9703-EC09-43B7-B1DA-062D0B4471DD}.DebugGame Editor|Win64.Build.0 = DebugGame_Editor|x64
		{83FE9703-EC09-43B7-B1DA-062D0B4471DD}.DebugGame|HTML5.ActiveCfg = HTML5_DebugGame_Game|Win32
		{83FE9703-EC09-43B7-B1DA-062D0B4471DD}.DebugGame|HTML5.Build.0 = HTML5_DebugGame_Game|Win32
		{83FE9703-EC09-43B7-B1DA-062D0B4471DD}.DebugGame|Win32.ActiveCfg = DebugGame_Game|Win32
		{83FE9703-EC09-43B7-B1DA-062D0B4471DD}.DebugGame|Win32.Build.0 = DebugGame_Game|Win32
		{83FE9703-EC09-43B7-B1DA-062D0B4471DD}.DebugGame|Win64.ActiveCfg = DebugGame_Game|x64
		{83FE9703-EC09-43B7-B1DA-062D0B4471DD}.DebugGame|Win64.Build.0 = DebugGame_Game|x64
		{83FE9703-EC09-43B7-B1DA-062D0B4471DD}.Development Editor|HTML5.ActiveCfg = HTML5_Development_Editor|Win32
		{83FE9703-EC09-43B7-B1DA-062D0B4471DD}.Development Editor|Win32.ActiveCfg = Development_Editor|Win32
		{83FE9703-EC09-43B7-B1DA-062D0B4471DD}.Development Editor|Win64.ActiveCfg = Development_Editor|x64
		{83FE9703-EC09-43B7-B1DA-062D0B4471DD}.Development Editor|Win64.Build.0 = Development_Editor|x64
		{83FE9703-EC09-43B7-B1DA-062D0B4471DD}.Development|HTML5.ActiveCfg = HTML5_Development_Game|Win32
		{83FE9703-EC09-43B7-B1DA-062D0B4471DD}.Development|HTML5.Build.0 = HTML5_Development_Game|Win32
		{83FE9703-EC09-43B7-B1DA-062D0B4471DD}.Development|Win32.ActiveCfg = Development_Game|Win32
		{83FE9703-EC09-43B7-B1DA-062D0B4471DD}.Development|Win32.Build.0 = Development_Game|Win32
		{83FE9703-EC09-43B7-B1DA-062D0B4471DD}.Development|Win64.ActiveCfg = Development_Game|x64
		{83FE9703-EC09-43B7-B1DA-062D0B4471DD}.Development|Win64.Build.0 = Development_Game|x64
		{83FE9703-EC09-43B7-B1DA-062D0B4471DD}.Shipping|HTML5.ActiveCfg = HTML5_Shipping_Game|Win32
		{83FE9703-EC09-43B7-B1DA-062D0B4471DD}.Shipping|HTML5.Build.0 = HTML5_Shipping_Game|Win32
		{83FE9703-EC09-43B7-B1DA-062D0B4471DD}.Shipping|Win32.ActiveCfg = Shipping_Game|Win32
		{83FE9703-EC09-43B7-B1DA-062D0B4471DD}.Shipping|Win32.Build.0 = Shipping_Game|Win32
		{83FE9703-EC09-43B7-B1DA-062D0B4471DD}.Shipping|Win64.ActiveCfg = Shipping_Game|x64
		{83FE9703-EC09-43B7-B1DA-062D0B4471DD}.Shipping|Win64.Build.0 = Shipping_Game|x64
	EndGlobalSection
	GlobalSection(SolutionProperties) = preSolution
		HideSolutionNode = FALSE
	EndGlobalSection
	GlobalSection(NestedProjects) = preSolution
		{925435E9-3F35-4A3D-8FF8-4611BD990689} = {8388A6D8-D21A-46A0-A8FB-6120A50FA0D3}
		{83FE9703-EC09-43B7-B1DA-062D0B4471DD} = {DA1C8447-8B5A-43B9-94A4-941FF0865269}
	EndGlobalSection
EndGlobal
